
Microsoft Visual Studio Solution File, Format Version 10.00
# Visual Studio 2008
Project("{8BC9CEB8-8B4A-11D0-8D11-00A0C91BC942}") = "svg_loader", "svg_loader\svg_loader.vcproj", "{8AFEE275-C78D-470C-821D-4C1D87E2C9AA}"
EndProject
Global
	GlobalSection(SolutionConfigurationPlatforms) = preSolution
		Debug|Win32 = Debug|Win32
		Release|Win32 = Release|Win32
	EndGlobalSection
	GlobalSection(ProjectConfigurationPlatforms) = postSolution
		{8AFEE275-C78D-470C-821D-4C1D87E2C9AA}.Debug|Win32.ActiveCfg = Debug|Win32
		{8AFEE275-C78D-470C-821D-4C1D87E2C9AA}.Debug|Win32.Build.0 = Debug|Win32
		{8AFEE275-C78D-470C-821D-4C1D87E2C9AA}.Release|Win32.ActiveCfg = Release|Win32
		{8AFEE275-C78D-470C-821D-4C1D87E2C9AA}.Release|Win32.Build.0 = Release|Win32
	EndGlobalSection
	GlobalSection(SolutionProperties) = preSolution
		HideSolutionNode = FALSE
	EndGlobalSection
EndGlobal
