
Microsoft Visual Studio Solution File, Format Version 12.00
# Visual Studio Version 16
VisualStudioVersion = 16.0.31019.35
MinimumVisualStudioVersion = 10.0.40219.1
Project("{8BC9CEB8-8B4A-11D0-8D11-00A0C91BC942}") = "ONSlaught-win32", "ONSlaught-win32\ONSlaught-win32.vcxproj", "{0C607BA4-EED5-4A5F-8D97-95825F0BB074}"
EndProject
Global
	GlobalSection(SolutionConfigurationPlatforms) = preSolution
		Debug|Win32 = Debug|Win32
		SVN|Win32 = SVN|Win32
	EndGlobalSection
	GlobalSection(ProjectConfigurationPlatforms) = postSolution
		{0C607BA4-EED5-4A5F-8D97-95825F0BB074}.Debug|Win32.ActiveCfg = Debug|Win32
		{0C607BA4-EED5-4A5F-8D97-95825F0BB074}.Debug|Win32.Build.0 = Debug|Win32
		{0C607BA4-EED5-4A5F-8D97-95825F0BB074}.SVN|Win32.ActiveCfg = SVN|Win32
		{0C607BA4-EED5-4A5F-8D97-95825F0BB074}.SVN|Win32.Build.0 = SVN|Win32
	EndGlobalSection
	GlobalSection(SolutionProperties) = preSolution
		HideSolutionNode = FALSE
	EndGlobalSection
	GlobalSection(ExtensibilityGlobals) = postSolution
		SolutionGuid = {A529C897-7E99-4CC8-A610-9D23A84C381C}
	EndGlobalSection
EndGlobal
