<?xml version="1.0" encoding="UTF-8" standalone="yes" ?>
<CodeBlocks_project_file>
	<FileVersion major="1" minor="6" />
	<Project>
		<Option title="ONSlaught" />
		<Option pch_mode="2" />
		<Option compiler="gcc" />
		<Build>
			<Target title="Debug">
				<Option output="..\bin-win32\ONSlaught" prefix_auto="1" extension_auto="1" />
				<Option working_dir="..\bin-win32" />
				<Option object_output="obj\Debug\" />
				<Option type="1" />
				<Option compiler="gcc" />
				<Compiler>
					<Add option="-Wall" />
					<Add option="-g" />
					<Add option="-D_DEBUG" />
				</Compiler>
			</Target>
			<Target title="Debug.lib">
				<Option output="..\bin-win32\ONSlaught_d" prefix_auto="1" extension_auto="1" />
				<Option working_dir="..\bin-win32" />
				<Option object_output="obj\Debug\" />
				<Option type="3" />
				<Option compiler="gcc" />
				<Option createStaticLib="1" />
				<Compiler>
					<Add option="-Wall" />
					<Add option="-g" />
					<Add option="-D_DEBUG" />
				</Compiler>
			</Target>
			<Target title="SVN">
				<Option output="..\bin-win32\ONSlaught" prefix_auto="1" extension_auto="1" />
				<Option working_dir="..\bin-win32" />
				<Option object_output="obj\SVN\" />
				<Option type="1" />
				<Option compiler="gcc" />
				<Compiler>
					<Add option="-fexpensive-optimizations" />
					<Add option="-O3" />
					<Add option="-w" />
					<Add option="-DNONS_SVN" />
				</Compiler>
				<Linker>
					<Add option="-s" />
				</Linker>
			</Target>
			<Target title="SVN.lib">
				<Option output="..\bin-win32\ONSlaught" prefix_auto="1" extension_auto="1" />
				<Option working_dir="..\bin-win32" />
				<Option object_output="obj\SVN\" />
				<Option type="3" />
				<Option compiler="gcc" />
				<Option createStaticLib="1" />
				<Compiler>
					<Add option="-fexpensive-optimizations" />
					<Add option="-O3" />
					<Add option="-w" />
					<Add option="-DNONS_SVN" />
				</Compiler>
				<Linker>
					<Add option="-s" />
				</Linker>
			</Target>
		</Build>
		<Compiler>
			<Add option="-Wmain" />
			<Add option="-pedantic" />
			<Add option="-DUNICODE" />
			<Add directory="..\include" />
		</Compiler>
		<Linker>
			<Add option="-static-libgcc" />
			<Add library="mingw32" />
			<Add library="SDL_mixer" />
			<Add library="SDL_image" />
			<Add library="smpeg" />
			<Add library="timidity" />
			<Add library="SDL" />
			<Add library="bz2" />
			<Add library="freetype" />
			<Add library="jpeg" />
			<Add library="mikmod" />
			<Add library="native_midi" />
			<Add library="winmm" />
			<Add library="vorbisfile" />
			<Add library="vorbis" />
			<Add library="ogg" />
			<Add library="png" />
			<Add library="tiff" />
			<Add library="z" />
			<Add directory="..\lib-win32\MinGW" />
		</Linker>
		<Unit filename="..\onslaught.rc" />
		<Unit filename="..\src\Archive.cpp" />
		<Unit filename="..\src\Archive.h" />
		<Unit filename="..\src\Audio.cpp" />
		<Unit filename="..\src\Audio.h" />
		<Unit filename="..\src\CommandLineOptions.cpp" />
		<Unit filename="..\src\CommandLineOptions.h" />
		<Unit filename="..\src\Common.h" />
		<Unit filename="..\src\ConfigFile.cpp" />
		<Unit filename="..\src\ConfigFile.h" />
		<Unit filename="..\src\enums.h" />
		<Unit filename="..\src\ErrorCodes.cpp" />
		<Unit filename="..\src\ErrorCodes.h" />
		<Unit filename="..\src\ExpressionParser.tab.cpp" />
		<Unit filename="..\src\ExpressionParser.tab.hpp" />
		<Unit filename="..\src\FileLog.cpp" />
		<Unit filename="..\src\FileLog.h" />
		<Unit filename="..\src\Functions.cpp" />
		<Unit filename="..\src\Functions.h" />
		<Unit filename="..\src\GFX.cpp" />
		<Unit filename="..\src\GFX.h" />
		<Unit filename="..\src\GUI.cpp" />
		<Unit filename="..\src\GUI.h" />
		<Unit filename="..\src\ImageLoader.cpp" />
		<Unit filename="..\src\ImageLoader.h" />
		<Unit filename="..\src\INIfile.cpp" />
		<Unit filename="..\src\INIfile.h" />
		<Unit filename="..\src\INIParser.tab.cpp" />
		<Unit filename="..\src\INIParser.tab.hpp" />
		<Unit filename="..\src\IOFunctions.cpp" />
		<Unit filename="..\src\IOFunctions.h" />
		<Unit filename="..\src\LZMA.c">
			<Option compilerVar="CC" />
		</Unit>
		<Unit filename="..\src\LZMA.h" />
		<Unit filename="..\src\MacroParser.cpp" />
		<Unit filename="..\src\MacroParser.h" />
		<Unit filename="..\src\MacroParser.tab.cpp" />
		<Unit filename="..\src\MacroParser.tab.hpp" />
		<Unit filename="..\src\ONSlaught.cpp" />
		<Unit filename="..\src\Plugin\LibraryLoader.cpp" />
		<Unit filename="..\src\Plugin\LibraryLoader.h" />
		<Unit filename="..\src\puff.c">
			<Option compilerVar="CC" />
		</Unit>
		<Unit filename="..\src\puff.h" />
		<Unit filename="..\src\SaveFile.cpp" />
		<Unit filename="..\src\SaveFile.h" />
		<Unit filename="..\src\ScreenSpace.cpp" />
		<Unit filename="..\src\ScreenSpace.h" />
		<Unit filename="..\src\Script.cpp" />
		<Unit filename="..\src\Script.h" />
		<Unit filename="..\src\ScriptInterpreter.cpp" />
		<Unit filename="..\src\ScriptInterpreter.h" />
		<Unit filename="..\src\SDL_bilinear.c">
			<Option compilerVar="CC" />
		</Unit>
		<Unit filename="..\src\SDL_bilinear.h" />
		<Unit filename="..\src\SDL_ttf.c">
			<Option compilerVar="CC" />
		</Unit>
		<Unit filename="..\src\SDL_ttf.h" />
		<Unit filename="..\src\sha1.cpp" />
		<Unit filename="..\src\sha1.h" />
		<Unit filename="..\src\SJIS.table.cpp" />
		<Unit filename="..\src\ThreadManager.cpp" />
		<Unit filename="..\src\ThreadManager.h" />
		<Unit filename="..\src\VariableStore.cpp" />
		<Unit filename="..\src\VariableStore.h" />
		<Unit filename="..\src\version.h" />
		<Unit filename="..\src\VirtualScreen.cpp" />
		<Unit filename="..\src\VirtualScreen.h" />


		<Extensions>
			<code_completion />
			<envvars />
			<debugger />
			<lib_finder disable_auto="1" />
		</Extensions>
	</Project>
</CodeBlocks_project_file>
