<?xml version="1.0" encoding="utf-8"?>
<Project ToolsVersion="4.0" xmlns="http://schemas.microsoft.com/developer/msbuild/2003">
  <ItemGroup>
    <Filter Include="Headers">
      <UniqueIdentifier>{1f564966-309e-45c3-8b99-1a0e0c2dd0de}</UniqueIdentifier>
    </Filter>
    <Filter Include="Sources">
      <UniqueIdentifier>{86aabe49-ec1a-4f19-bb15-f61826285d11}</UniqueIdentifier>
      <Extensions>cpp;c;cc;cxx;def;odl;idl;hpj;bat;asm;asmx</Extensions>
    </Filter>
  </ItemGroup>
  <ItemGroup>
    <ClCompile Include="..\..\src\Archive.cpp">
      <Filter>Sources</Filter>
    </ClCompile>
    <ClCompile Include="..\..\src\Audio.cpp">
      <Filter>Sources</Filter>
    </ClCompile>
    <ClCompile Include="..\..\src\AudioFormats.cpp">
      <Filter>Sources</Filter>
    </ClCompile>
    <ClCompile Include="..\..\src\ErrorCodes.cpp">
      <Filter>Sources</Filter>
    </ClCompile>
    <ClCompile Include="..\..\src\ExpressionParser.tab.cpp">
      <Filter>Sources</Filter>
    </ClCompile>
    <ClCompile Include="..\..\src\FileLog.cpp">
      <Filter>Sources</Filter>
    </ClCompile>
    <ClCompile Include="..\..\src\Functions.cpp">
      <Filter>Sources</Filter>
    </ClCompile>
    <ClCompile Include="..\..\src\GFX.cpp">
      <Filter>Sources</Filter>
    </ClCompile>
    <ClCompile Include="..\..\src\GUI.cpp">
      <Filter>Sources</Filter>
    </ClCompile>
    <ClCompile Include="..\..\src\INIParser.tab.cpp">
      <Filter>Sources</Filter>
    </ClCompile>
    <ClCompile Include="..\..\src\INIfile.cpp">
      <Filter>Sources</Filter>
    </ClCompile>
    <ClCompile Include="..\..\src\IOFunctions.cpp">
      <Filter>Sources</Filter>
    </ClCompile>
    <ClCompile Include="..\..\src\Image.cpp">
      <Filter>Sources</Filter>
    </ClCompile>
    <ClCompile Include="..\..\src\LZMA.c">
      <Filter>Sources</Filter>
    </ClCompile>
    <ClCompile Include="..\..\src\ONSlaught.cpp">
      <Filter>Sources</Filter>
    </ClCompile>
    <ClCompile Include="..\..\src\OpenAL.cpp">
      <Filter>Sources</Filter>
    </ClCompile>
    <ClCompile Include="..\..\src\Options.cpp">
      <Filter>Sources</Filter>
    </ClCompile>
    <ClCompile Include="..\..\src\SJIS.table.cpp">
      <Filter>Sources</Filter>
    </ClCompile>
    <ClCompile Include="..\..\src\ScreenSpace.cpp">
      <Filter>Sources</Filter>
    </ClCompile>
    <ClCompile Include="..\..\src\Script.cpp">
      <Filter>Sources</Filter>
    </ClCompile>
    <ClCompile Include="..\..\src\ScriptInterpreter.cpp">
      <Filter>Sources</Filter>
    </ClCompile>
    <ClCompile Include="..\..\src\Thread.cpp">
      <Filter>Sources</Filter>
    </ClCompile>
    <ClCompile Include="..\..\src\ThreadManager.cpp">
      <Filter>Sources</Filter>
    </ClCompile>
    <ClCompile Include="..\..\src\VariableStore.cpp">
      <Filter>Sources</Filter>
    </ClCompile>
    <ClCompile Include="..\..\src\VirtualScreen.cpp">
      <Filter>Sources</Filter>
    </ClCompile>
    <ClCompile Include="..\..\src\sha1.cpp">
      <Filter>Sources</Filter>
    </ClCompile>
    <ClCompile Include="..\..\src\Plugin\LibraryLoader.cpp">
      <Filter>Sources</Filter>
    </ClCompile>
    <ClCompile Include="..\..\src\tinyxml\tinyxml.cpp">
      <Filter>Sources</Filter>
    </ClCompile>
    <ClCompile Include="..\..\src\tinyxml\tinyxmlerror.cpp">
      <Filter>Sources</Filter>
    </ClCompile>
    <ClCompile Include="..\..\src\tinyxml\tinyxmlparser.cpp">
      <Filter>Sources</Filter>
    </ClCompile>
    <ClCompile Include="..\..\src\libtimidity\common.c">
      <Filter>Sources</Filter>
    </ClCompile>
    <ClCompile Include="..\..\src\libtimidity\instrum.c">
      <Filter>Sources</Filter>
    </ClCompile>
    <ClCompile Include="..\..\src\libtimidity\instrum_dls.c">
      <Filter>Sources</Filter>
    </ClCompile>
    <ClCompile Include="..\..\src\libtimidity\mix.c">
      <Filter>Sources</Filter>
    </ClCompile>
    <ClCompile Include="..\..\src\libtimidity\output.c">
      <Filter>Sources</Filter>
    </ClCompile>
    <ClCompile Include="..\..\src\libtimidity\playmidi.c">
      <Filter>Sources</Filter>
    </ClCompile>
    <ClCompile Include="..\..\src\libtimidity\readmidi.c">
      <Filter>Sources</Filter>
    </ClCompile>
    <ClCompile Include="..\..\src\libtimidity\resample.c">
      <Filter>Sources</Filter>
    </ClCompile>
    <ClCompile Include="..\..\src\libtimidity\stream.c">
      <Filter>Sources</Filter>
    </ClCompile>
    <ClCompile Include="..\..\src\libtimidity\tables.c">
      <Filter>Sources</Filter>
    </ClCompile>
    <ClCompile Include="..\..\src\libtimidity\timidity.c">
      <Filter>Sources</Filter>
    </ClCompile>
    <ClCompile Include="..\..\src\libFLAC++\metadata.cpp">
      <Filter>Sources</Filter>
    </ClCompile>
    <ClCompile Include="..\..\src\libFLAC++\stream_decoder.cpp">
      <Filter>Sources</Filter>
    </ClCompile>
    <ClCompile Include="..\..\src\libFLAC++\stream_encoder.cpp">
      <Filter>Sources</Filter>
    </ClCompile>
    <ClCompile Include="..\..\src\legacy.cpp">
      <Filter>Sources</Filter>
    </ClCompile>
  </ItemGroup>
  <ItemGroup>
    <ClInclude Include="..\..\src\libFLAC++\share\alloc.h">
      <Filter>Headers</Filter>
    </ClInclude>
    <ClInclude Include="..\..\src\Archive.h">
      <Filter>Headers</Filter>
    </ClInclude>
    <ClInclude Include="..\..\src\Audio.h">
      <Filter>Headers</Filter>
    </ClInclude>
    <ClInclude Include="..\..\src\AudioFormats.h">
      <Filter>Headers</Filter>
    </ClInclude>
    <ClInclude Include="..\..\src\Binder.h">
      <Filter>Headers</Filter>
    </ClInclude>
    <ClInclude Include="..\..\src\enums.h">
      <Filter>Headers</Filter>
    </ClInclude>
    <ClInclude Include="..\..\src\Common.h">
      <Filter>Headers</Filter>
    </ClInclude>
    <ClInclude Include="..\..\src\ErrorCodes.h">
      <Filter>Headers</Filter>
    </ClInclude>
    <ClInclude Include="..\..\src\ExpressionParser.tab.hpp">
      <Filter>Headers</Filter>
    </ClInclude>
    <ClInclude Include="..\..\src\FileLog.h">
      <Filter>Headers</Filter>
    </ClInclude>
    <ClInclude Include="..\..\src\Functions.h">
      <Filter>Headers</Filter>
    </ClInclude>
    <ClInclude Include="..\..\src\libFLAC++\share\getopt.h">
      <Filter>Headers</Filter>
    </ClInclude>
    <ClInclude Include="..\..\src\libFLAC++\share\grabbag.h">
      <Filter>Headers</Filter>
    </ClInclude>
    <ClInclude Include="..\..\src\GFX.h">
      <Filter>Headers</Filter>
    </ClInclude>
    <ClInclude Include="..\..\src\GUI.h">
      <Filter>Headers</Filter>
    </ClInclude>
    <ClInclude Include="..\..\src\Image.h">
      <Filter>Headers</Filter>
    </ClInclude>
    <ClInclude Include="..\..\src\INIfile.h">
      <Filter>Headers</Filter>
    </ClInclude>
    <ClInclude Include="..\..\src\INIParser.tab.hpp">
      <Filter>Headers</Filter>
    </ClInclude>
    <ClInclude Include="..\..\src\IOFunctions.h">
      <Filter>Headers</Filter>
    </ClInclude>
    <ClInclude Include="..\..\src\Plugin\LibraryLoader.h">
      <Filter>Headers</Filter>
    </ClInclude>
    <ClInclude Include="..\..\src\LZMA.h">
      <Filter>Headers</Filter>
    </ClInclude>
    <ClInclude Include="..\..\src\OpenAL.h">
      <Filter>Headers</Filter>
    </ClInclude>
    <ClInclude Include="..\..\src\Options.h">
      <Filter>Headers</Filter>
    </ClInclude>
    <ClInclude Include="..\..\src\libFLAC++\share\replaygain_analysis.h">
      <Filter>Headers</Filter>
    </ClInclude>
    <ClInclude Include="..\..\src\libFLAC++\share\replaygain_synthesis.h">
      <Filter>Headers</Filter>
    </ClInclude>
    <ClInclude Include="..\..\src\ScreenSpace.h">
      <Filter>Headers</Filter>
    </ClInclude>
    <ClInclude Include="..\..\src\Script.h">
      <Filter>Headers</Filter>
    </ClInclude>
    <ClInclude Include="..\..\src\ScriptInterpreter.h">
      <Filter>Headers</Filter>
    </ClInclude>
    <ClInclude Include="..\..\src\sha1.h">
      <Filter>Headers</Filter>
    </ClInclude>
    <ClInclude Include="..\..\src\Thread.h">
      <Filter>Headers</Filter>
    </ClInclude>
    <ClInclude Include="..\..\src\ThreadManager.h">
      <Filter>Headers</Filter>
    </ClInclude>
    <ClInclude Include="..\..\src\tinyxml\tinyxml.h">
      <Filter>Headers</Filter>
    </ClInclude>
    <ClInclude Include="..\..\src\libFLAC++\share\utf8.h">
      <Filter>Headers</Filter>
    </ClInclude>
    <ClInclude Include="..\..\src\VariableStore.h">
      <Filter>Headers</Filter>
    </ClInclude>
    <ClInclude Include="..\..\src\version.h">
      <Filter>Headers</Filter>
    </ClInclude>
    <ClInclude Include="..\..\src\VirtualScreen.h">
      <Filter>Headers</Filter>
    </ClInclude>
    <ClInclude Include="..\..\src\libtimidity\common.h">
      <Filter>Headers</Filter>
    </ClInclude>
    <ClInclude Include="..\..\src\libtimidity\dls1.h">
      <Filter>Headers</Filter>
    </ClInclude>
    <ClInclude Include="..\..\src\libtimidity\dls2.h">
      <Filter>Headers</Filter>
    </ClInclude>
    <ClInclude Include="..\..\src\libtimidity\instrum.h">
      <Filter>Headers</Filter>
    </ClInclude>
    <ClInclude Include="..\..\src\libtimidity\instrum_dls.h">
      <Filter>Headers</Filter>
    </ClInclude>
    <ClInclude Include="..\..\src\libtimidity\mix.h">
      <Filter>Headers</Filter>
    </ClInclude>
    <ClInclude Include="..\..\src\Optional.h">
      <Filter>Headers</Filter>
    </ClInclude>
    <ClInclude Include="..\..\src\libtimidity\options.h">
      <Filter>Headers</Filter>
    </ClInclude>
    <ClInclude Include="..\..\src\libtimidity\output.h">
      <Filter>Headers</Filter>
    </ClInclude>
    <ClInclude Include="..\..\src\libtimidity\playmidi.h">
      <Filter>Headers</Filter>
    </ClInclude>
    <ClInclude Include="..\..\src\libtimidity\readmidi.h">
      <Filter>Headers</Filter>
    </ClInclude>
    <ClInclude Include="..\..\src\libtimidity\resample.h">
      <Filter>Headers</Filter>
    </ClInclude>
    <ClInclude Include="..\..\src\libtimidity\tables.h">
      <Filter>Headers</Filter>
    </ClInclude>
    <ClInclude Include="..\..\src\libtimidity\timidity.h">
      <Filter>Headers</Filter>
    </ClInclude>
    <ClInclude Include="..\..\src\libtimidity\timidity_internal.h">
      <Filter>Headers</Filter>
    </ClInclude>
  </ItemGroup>
  <ItemGroup>
    <ResourceCompile Include="..\..\onslaught.rc" />
  </ItemGroup>
</Project>